
Microsoft Visual Studio Solution File, Format Version 12.00
# Visual Studio Version 17
VisualStudioVersion = 17.3.32901.215
MinimumVisualStudioVersion = 10.0.40219.1
Project("{9A19103F-16F7-4668-BE54-9A1E7A4F7556}") = "Library.App", "Library.App\Library.App.csproj", "{A3259D24-5736-4D57-9D6A-9BAA1B3AA872}"
EndProject
Project("{FAE04EC0-301F-11D3-BF4B-00C04F79EFBC}") = "Datalayer", "Datalayer\Datalayer.csproj", "{E48267D9-B40D-4B18-94FF-82F90367AD00}"
EndProject
Global
	GlobalSection(SolutionConfigurationPlatforms) = preSolution
		Debug|Any CPU = Debug|Any CPU
		Release|Any CPU = Release|Any CPU
	EndGlobalSection
	GlobalSection(ProjectConfigurationPlatforms) = postSolution
		{A3259D24-5736-4D57-9D6A-9BAA1B3AA872}.Debug|Any CPU.ActiveCfg = Debug|Any CPU
		{A3259D24-5736-4D57-9D6A-9BAA1B3AA872}.Debug|Any CPU.Build.0 = Debug|Any CPU
		{A3259D24-5736-4D57-9D6A-9BAA1B3AA872}.Release|Any CPU.ActiveCfg = Release|Any CPU
		{A3259D24-5736-4D57-9D6A-9BAA1B3AA872}.Release|Any CPU.Build.0 = Release|Any CPU
		{E48267D9-B40D-4B18-94FF-82F90367AD00}.Debug|Any CPU.ActiveCfg = Debug|Any CPU
		{E48267D9-B40D-4B18-94FF-82F90367AD00}.Debug|Any CPU.Build.0 = Debug|Any CPU
		{E48267D9-B40D-4B18-94FF-82F90367AD00}.Release|Any CPU.ActiveCfg = Release|Any CPU
		{E48267D9-B40D-4B18-94FF-82F90367AD00}.Release|Any CPU.Build.0 = Release|Any CPU
	EndGlobalSection
	GlobalSection(SolutionProperties) = preSolution
		HideSolutionNode = FALSE
	EndGlobalSection
	GlobalSection(ExtensibilityGlobals) = postSolution
		SolutionGuid = {46069306-741F-4A36-92B9-8C5FFD1FE1E6}
	EndGlobalSection
EndGlobal
